
Microsoft Visual Studio Solution File, Format Version 12.00
# Visual Studio Version 17
VisualStudioVersion = 17.14.36518.9
MinimumVisualStudioVersion = 10.0.40219.1
Project("{FAE04EC0-301F-11D3-BF4B-00C04F79EFBC}") = "Proyecto_SwagLabs.Tests", "Proyecto_SwagLabs.Tests.csproj", "{33F4CAB5-E975-04EB-2AB1-B53117CCF540}"
EndProject
Project("{FAE04EC0-301F-11D3-BF4B-00C04F79EFBC}") = "Proyecto_SwagLabs.UnitTests.Tests", "..\Proyecto_SwagLabs\Proyecto_SwagLabs.UnitTests.Tests.csproj", "{40DABE85-4DF8-494D-8F99-6E802A63B510}"
EndProject
Global
	GlobalSection(SolutionConfigurationPlatforms) = preSolution
		Debug|Any CPU = Debug|Any CPU
		Release|Any CPU = Release|Any CPU
	EndGlobalSection
	GlobalSection(ProjectConfigurationPlatforms) = postSolution
		{33F4CAB5-E975-04EB-2AB1-B53117CCF540}.Debug|Any CPU.ActiveCfg = Debug|Any CPU
		{33F4CAB5-E975-04EB-2AB1-B53117CCF540}.Debug|Any CPU.Build.0 = Debug|Any CPU
		{33F4CAB5-E975-04EB-2AB1-B53117CCF540}.Release|Any CPU.ActiveCfg = Release|Any CPU
		{33F4CAB5-E975-04EB-2AB1-B53117CCF540}.Release|Any CPU.Build.0 = Release|Any CPU
		{40DABE85-4DF8-494D-8F99-6E802A63B510}.Debug|Any CPU.ActiveCfg = Debug|Any CPU
		{40DABE85-4DF8-494D-8F99-6E802A63B510}.Debug|Any CPU.Build.0 = Debug|Any CPU
		{40DABE85-4DF8-494D-8F99-6E802A63B510}.Release|Any CPU.ActiveCfg = Release|Any CPU
		{40DABE85-4DF8-494D-8F99-6E802A63B510}.Release|Any CPU.Build.0 = Release|Any CPU
	EndGlobalSection
	GlobalSection(SolutionProperties) = preSolution
		HideSolutionNode = FALSE
	EndGlobalSection
	GlobalSection(ExtensibilityGlobals) = postSolution
		SolutionGuid = {B72BDC11-C0E0-483E-A778-B37ECF8318DF}
	EndGlobalSection
EndGlobal
