
Microsoft Visual Studio Solution File, Format Version 12.00
# Visual Studio Version 17
VisualStudioVersion = 17.0.31903.59
MinimumVisualStudioVersion = 10.0.40219.1
Project("{FAE04EC0-301F-11D3-BF4B-00C04F79EFBC}") = "AutomationPracticeDemo.Tests", "AutomationPracticeDemo.Tests\AutomationPracticeDemo.Tests.csproj", "{56AED951-6E23-26E0-3718-47AFB4035936}"
EndProject
Global
	GlobalSection(SolutionConfigurationPlatforms) = preSolution
		Debug|Any CPU = Debug|Any CPU
		Release|Any CPU = Release|Any CPU
	EndGlobalSection
	GlobalSection(ProjectConfigurationPlatforms) = postSolution
		{56AED951-6E23-26E0-3718-47AFB4035936}.Debug|Any CPU.ActiveCfg = Debug|Any CPU
		{56AED951-6E23-26E0-3718-47AFB4035936}.Debug|Any CPU.Build.0 = Debug|Any CPU
		{56AED951-6E23-26E0-3718-47AFB4035936}.Release|Any CPU.ActiveCfg = Release|Any CPU
		{56AED951-6E23-26E0-3718-47AFB4035936}.Release|Any CPU.Build.0 = Release|Any CPU
	EndGlobalSection
	GlobalSection(SolutionProperties) = preSolution
		HideSolutionNode = FALSE
	EndGlobalSection
	GlobalSection(ExtensibilityGlobals) = postSolution
		SolutionGuid = {C7627B3D-C6E2-4B0B-BB91-B84600E1E782}
	EndGlobalSection
EndGlobal
