
Microsoft Visual Studio Solution File, Format Version 12.00
# Visual Studio Version 17
VisualStudioVersion = 17.14.36518.9 d17.14
MinimumVisualStudioVersion = 10.0.40219.1
Project("{FAE04EC0-301F-11D3-BF4B-00C04F79EFBC}") = "DixonProyectoFinal.Tests", "DixonProyectoFinal.Tests\DixonProyectoFinal.Tests.csproj", "{C67D3AA5-B25A-4115-B5B1-F0B33EEF7D3E}"
EndProject
Project("{FAE04EC0-301F-11D3-BF4B-00C04F79EFBC}") = "Calculator.Lib", "OrderCalculator.Lib\Calculator.Lib.csproj", "{57E1D7AB-EC60-4B3E-9A3F-45A26D197ED3}"
EndProject
Global
	GlobalSection(SolutionConfigurationPlatforms) = preSolution
		Debug|Any CPU = Debug|Any CPU
		Release|Any CPU = Release|Any CPU
	EndGlobalSection
	GlobalSection(ProjectConfigurationPlatforms) = postSolution
		{C67D3AA5-B25A-4115-B5B1-F0B33EEF7D3E}.Debug|Any CPU.ActiveCfg = Debug|Any CPU
		{C67D3AA5-B25A-4115-B5B1-F0B33EEF7D3E}.Debug|Any CPU.Build.0 = Debug|Any CPU
		{C67D3AA5-B25A-4115-B5B1-F0B33EEF7D3E}.Release|Any CPU.ActiveCfg = Release|Any CPU
		{C67D3AA5-B25A-4115-B5B1-F0B33EEF7D3E}.Release|Any CPU.Build.0 = Release|Any CPU
		{57E1D7AB-EC60-4B3E-9A3F-45A26D197ED3}.Debug|Any CPU.ActiveCfg = Debug|Any CPU
		{57E1D7AB-EC60-4B3E-9A3F-45A26D197ED3}.Debug|Any CPU.Build.0 = Debug|Any CPU
		{57E1D7AB-EC60-4B3E-9A3F-45A26D197ED3}.Release|Any CPU.ActiveCfg = Release|Any CPU
		{57E1D7AB-EC60-4B3E-9A3F-45A26D197ED3}.Release|Any CPU.Build.0 = Release|Any CPU
	EndGlobalSection
	GlobalSection(SolutionProperties) = preSolution
		HideSolutionNode = FALSE
	EndGlobalSection
	GlobalSection(ExtensibilityGlobals) = postSolution
		SolutionGuid = {34588E60-BDFE-4145-9BAE-E30E4D77D815}
	EndGlobalSection
EndGlobal
